lockfileVersion: '9.0'

settings:
  autoInstallPeers: true
  excludeLinksFromLockfile: false

importers:

  .:
    dependencies:
      primeicons:
        specifier: ^7.0.0
        version: 7.0.0

packages:

  primeicons@7.0.0:
    resolution: {integrity: sha512-jK3Et9UzwzTsd6tzl2RmwrVY/b8raJ3QZLzoDACj+oTJ0oX7L9Hy+XnVwgo4QVKlKpnP/Ur13SXV/pVh4LzaDw==}

snapshots:

  primeicons@7.0.0: {}
